
Microsoft Visual Studio Solution File, Format Version 12.00
# Visual Studio Version 16
VisualStudioVersion = 16.0.31105.61
MinimumVisualStudioVersion = 10.0.40219.1
Project("{9A19103F-16F7-4668-BE54-9A1E7A4F7556}") = "GitHub.Profile", "GitHub.Profile\GitHub.Profile.csproj", "{602DB06C-6565-4DD3-AA20-B4E2081DEB69}"
EndProject
Project("{9A19103F-16F7-4668-BE54-9A1E7A4F7556}") = "Arima", "Arima\Arima.csproj", "{D6576915-CE52-464E-B7D7-D6CC28BBF9F5}"
EndProject
Project("{9A19103F-16F7-4668-BE54-9A1E7A4F7556}") = "Principios", "Principios\Principios.csproj", "{573969B4-3BDE-4BC6-92A3-203A04CAC767}"
EndProject
Project("{2150E333-8FDC-42A3-9474-1A3956D46DE8}") = "Web", "Web", "{7743C8D6-C793-4BC5-9B08-7AA5294761F6}"
EndProject
Project("{9A19103F-16F7-4668-BE54-9A1E7A4F7556}") = "CSharp.Basico", "CSharp.Basico\CSharp.Basico.csproj", "{7E91EE3E-241D-4B16-91C5-738FB2AE9C26}"
EndProject
Project("{2150E333-8FDC-42A3-9474-1A3956D46DE8}") = "Conceitos", "Conceitos", "{08FA722E-058D-4C87-BAFA-23C9D4067AC5}"
EndProject
Global
	GlobalSection(SolutionConfigurationPlatforms) = preSolution
		Debug|Any CPU = Debug|Any CPU
		Release|Any CPU = Release|Any CPU
	EndGlobalSection
	GlobalSection(ProjectConfigurationPlatforms) = postSolution
		{602DB06C-6565-4DD3-AA20-B4E2081DEB69}.Debug|Any CPU.ActiveCfg = Debug|Any CPU
		{602DB06C-6565-4DD3-AA20-B4E2081DEB69}.Debug|Any CPU.Build.0 = Debug|Any CPU
		{602DB06C-6565-4DD3-AA20-B4E2081DEB69}.Release|Any CPU.ActiveCfg = Release|Any CPU
		{602DB06C-6565-4DD3-AA20-B4E2081DEB69}.Release|Any CPU.Build.0 = Release|Any CPU
		{D6576915-CE52-464E-B7D7-D6CC28BBF9F5}.Debug|Any CPU.ActiveCfg = Debug|Any CPU
		{D6576915-CE52-464E-B7D7-D6CC28BBF9F5}.Debug|Any CPU.Build.0 = Debug|Any CPU
		{D6576915-CE52-464E-B7D7-D6CC28BBF9F5}.Release|Any CPU.ActiveCfg = Release|Any CPU
		{D6576915-CE52-464E-B7D7-D6CC28BBF9F5}.Release|Any CPU.Build.0 = Release|Any CPU
		{573969B4-3BDE-4BC6-92A3-203A04CAC767}.Debug|Any CPU.ActiveCfg = Debug|Any CPU
		{573969B4-3BDE-4BC6-92A3-203A04CAC767}.Debug|Any CPU.Build.0 = Debug|Any CPU
		{573969B4-3BDE-4BC6-92A3-203A04CAC767}.Release|Any CPU.ActiveCfg = Release|Any CPU
		{573969B4-3BDE-4BC6-92A3-203A04CAC767}.Release|Any CPU.Build.0 = Release|Any CPU
		{7E91EE3E-241D-4B16-91C5-738FB2AE9C26}.Debug|Any CPU.ActiveCfg = Debug|Any CPU
		{7E91EE3E-241D-4B16-91C5-738FB2AE9C26}.Debug|Any CPU.Build.0 = Debug|Any CPU
		{7E91EE3E-241D-4B16-91C5-738FB2AE9C26}.Release|Any CPU.ActiveCfg = Release|Any CPU
		{7E91EE3E-241D-4B16-91C5-738FB2AE9C26}.Release|Any CPU.Build.0 = Release|Any CPU
	EndGlobalSection
	GlobalSection(SolutionProperties) = preSolution
		HideSolutionNode = FALSE
	EndGlobalSection
	GlobalSection(NestedProjects) = preSolution
		{602DB06C-6565-4DD3-AA20-B4E2081DEB69} = {7743C8D6-C793-4BC5-9B08-7AA5294761F6}
		{573969B4-3BDE-4BC6-92A3-203A04CAC767} = {08FA722E-058D-4C87-BAFA-23C9D4067AC5}
		{7E91EE3E-241D-4B16-91C5-738FB2AE9C26} = {08FA722E-058D-4C87-BAFA-23C9D4067AC5}
	EndGlobalSection
	GlobalSection(ExtensibilityGlobals) = postSolution
		SolutionGuid = {8FF52EC7-C936-45FD-A3A5-1B8B11CFFE57}
	EndGlobalSection
EndGlobal
